{
  "version": 4,
  "terraform_version": "0.13.5",
  "serial": 4,
  "lineage": "1f155aa0-0be9-27db-6727-c09a060081ee",
  "outputs": {
    "mysql_server": {
      "value": {
        "administrator_login": "dhivina-admin",
        "administrator_login_password": "voiciAP@ssw0rd",
        "auto_grow_enabled": true,
        "backup_retention_days": 7,
        "create_mode": "Default",
        "creation_source_server_id": null,
        "fqdn": "ressource-mysql-server.mysql.database.azure.com",
        "geo_redundant_backup_enabled": false,
        "id": "/subscriptions/4747da4e-1bf7-4124-ad02-9d081af5d74f/resourceGroups/ressource-mysql-rg/providers/Microsoft.DBforMySQL/servers/ressource-mysql-server",
        "identity": [],
        "infrastructure_encryption_enabled": false,
        "location": "northeurope",
        "name": "ressource-mysql-server",
        "public_network_access_enabled": true,
        "resource_group_name": "ressource-mysql-rg",
        "restore_point_in_time": null,
        "sku_name": "B_Gen5_1",
        "ssl_enforcement": "Enabled",
        "ssl_enforcement_enabled": true,
        "ssl_minimal_tls_version_enforced": "TLS1_2",
        "storage_mb": 5120,
        "storage_profile": [
          {
            "auto_grow": "Enabled",
            "backup_retention_days": 7,
            "geo_redundant_backup": "Disabled",
            "storage_mb": 5120
          }
        ],
        "tags": null,
        "threat_detection_policy": [],
        "timeouts": null,
        "version": "8.0"
      },
      "type": [
        "object",
        {
          "administrator_login": "string",
          "administrator_login_password": "string",
          "auto_grow_enabled": "bool",
          "backup_retention_days": "number",
          "create_mode": "string",
          "creation_source_server_id": "string",
          "fqdn": "string",
          "geo_redundant_backup_enabled": "bool",
          "id": "string",
          "identity": [
            "list",
            [
              "object",
              {
                "principal_id": "string",
                "tenant_id": "string",
                "type": "string"
              }
            ]
          ],
          "infrastructure_encryption_enabled": "bool",
          "location": "string",
          "name": "string",
          "public_network_access_enabled": "bool",
          "resource_group_name": "string",
          "restore_point_in_time": "string",
          "sku_name": "string",
          "ssl_enforcement": "string",
          "ssl_enforcement_enabled": "bool",
          "ssl_minimal_tls_version_enforced": "string",
          "storage_mb": "number",
          "storage_profile": [
            "list",
            [
              "object",
              {
                "auto_grow": "string",
                "backup_retention_days": "number",
                "geo_redundant_backup": "string",
                "storage_mb": "number"
              }
            ]
          ],
          "tags": [
            "map",
            "string"
          ],
          "threat_detection_policy": [
            "list",
            [
              "object",
              {
                "disabled_alerts": [
                  "set",
                  "string"
                ],
                "email_account_admins": "bool",
                "email_addresses": [
                  "set",
                  "string"
                ],
                "enabled": "bool",
                "retention_days": "number",
                "storage_account_access_key": "string",
                "storage_endpoint": "string"
              }
            ]
          ],
          "timeouts": [
            "object",
            {
              "create": "string",
              "delete": "string",
              "read": "string",
              "update": "string"
            }
          ],
          "version": "string"
        }
      ]
    }
  },
  "resources": [
    {
      "mode": "managed",
      "type": "azurerm_mysql_database",
      "name": "mysql-db",
      "provider": "provider[\"registry.terraform.io/hashicorp/azurerm\"]",
      "instances": [
        {
          "schema_version": 0,
          "attributes": {
            "charset": "utf8",
            "collation": "utf8_unicode_ci",
            "id": "/subscriptions/4747da4e-1bf7-4124-ad02-9d081af5d74f/resourceGroups/ressource-mysql-rg/providers/Microsoft.DBforMySQL/servers/ressource-mysql-server/databases/dhivinadb",
            "name": "dhivinadb",
            "resource_group_name": "ressource-mysql-rg",
            "server_name": "ressource-mysql-server",
            "timeouts": null
          },
          "private": "eyJlMmJmYjczMC1lY2FhLTExZTYtOGY4OC0zNDM2M2JjN2M0YzAiOnsiY3JlYXRlIjozNjAwMDAwMDAwMDAwLCJkZWxldGUiOjM2MDAwMDAwMDAwMDAsInJlYWQiOjMwMDAwMDAwMDAwMCwidXBkYXRlIjozNjAwMDAwMDAwMDAwfX0=",
          "dependencies": [
            "azurerm_mysql_server.mysql-server",
            "azurerm_resource_group.mysql-rg"
          ]
        }
      ]
    },
    {
      "mode": "managed",
      "type": "azurerm_mysql_server",
      "name": "mysql-server",
      "provider": "provider[\"registry.terraform.io/hashicorp/azurerm\"]",
      "instances": [
        {
          "schema_version": 0,
          "attributes": {
            "administrator_login": "dhivina-admin",
            "administrator_login_password": "voiciAP@ssw0rd",
            "auto_grow_enabled": true,
            "backup_retention_days": 7,
            "create_mode": "Default",
            "creation_source_server_id": null,
            "fqdn": "ressource-mysql-server.mysql.database.azure.com",
            "geo_redundant_backup_enabled": false,
            "id": "/subscriptions/4747da4e-1bf7-4124-ad02-9d081af5d74f/resourceGroups/ressource-mysql-rg/providers/Microsoft.DBforMySQL/servers/ressource-mysql-server",
            "identity": [],
            "infrastructure_encryption_enabled": false,
            "location": "northeurope",
            "name": "ressource-mysql-server",
            "public_network_access_enabled": true,
            "resource_group_name": "ressource-mysql-rg",
            "restore_point_in_time": null,
            "sku_name": "B_Gen5_1",
            "ssl_enforcement": "Enabled",
            "ssl_enforcement_enabled": true,
            "ssl_minimal_tls_version_enforced": "TLS1_2",
            "storage_mb": 5120,
            "storage_profile": [
              {
                "auto_grow": "Enabled",
                "backup_retention_days": 7,
                "geo_redundant_backup": "Disabled",
                "storage_mb": 5120
              }
            ],
            "tags": null,
            "threat_detection_policy": [],
            "timeouts": null,
            "version": "8.0"
          },
          "private": "eyJlMmJmYjczMC1lY2FhLTExZTYtOGY4OC0zNDM2M2JjN2M0YzAiOnsiY3JlYXRlIjozNjAwMDAwMDAwMDAwLCJkZWxldGUiOjM2MDAwMDAwMDAwMDAsInJlYWQiOjMwMDAwMDAwMDAwMCwidXBkYXRlIjozNjAwMDAwMDAwMDAwfX0=",
          "dependencies": [
            "azurerm_resource_group.mysql-rg"
          ]
        }
      ]
    },
    {
      "mode": "managed",
      "type": "azurerm_resource_group",
      "name": "mysql-rg",
      "provider": "provider[\"registry.terraform.io/hashicorp/azurerm\"]",
      "instances": [
        {
          "schema_version": 0,
          "attributes": {
            "id": "/subscriptions/4747da4e-1bf7-4124-ad02-9d081af5d74f/resourceGroups/ressource-mysql-rg",
            "location": "northeurope",
            "name": "ressource-mysql-rg",
            "tags": null,
            "timeouts": null
          },
          "private": "eyJlMmJmYjczMC1lY2FhLTExZTYtOGY4OC0zNDM2M2JjN2M0YzAiOnsiY3JlYXRlIjo1NDAwMDAwMDAwMDAwLCJkZWxldGUiOjU0MDAwMDAwMDAwMDAsInJlYWQiOjMwMDAwMDAwMDAwMCwidXBkYXRlIjo1NDAwMDAwMDAwMDAwfX0="
        }
      ]
    }
  ]
}
